PODS:
  - authentic_vision_sdk (0.0.1):
    - Flutter
  - Flutter (1.0.0)
  - integration_test (0.0.1):
    - Flutter

DEPENDENCIES:
  - authentic_vision_sdk (from `.symlinks/plugins/authentic_vision_sdk/ios`)
  - Flutter (from `Flutter`)
  - integration_test (from `.symlinks/plugins/integration_test/ios`)

EXTERNAL SOURCES:
  authentic_vision_sdk:
    :path: ".symlinks/plugins/authentic_vision_sdk/ios"
  Flutter:
    :path: Flutter
  integration_test:
    :path: ".symlinks/plugins/integration_test/ios"

SPEC CHECKSUMS:
  authentic_vision_sdk: 54dfc7c21c6b12c56577790bcd48056313da8cdf
  Flutter: f04841e97a9d0b0a8025694d0796dd46242b2854
  integration_test: 13825b8a9334a850581300559b8839134b124670

PODFILE CHECKSUM: 39fd5866d39808bc584013ffa241c8846fa35fad

COCOAPODS: 1.14.3
